// !$*UTF8*$!
{
	archiveVersion = 1;
	classes = {
	};
	objectVersion = 46;
	objects = {

/* Begin PBXBuildFile section */
		24B644E82225DC20000796C8 /* Launch.storyboard in Resources */ = {isa = PBXBuildFile; fileRef = 24B644E72225DC20000796C8 /* Launch.storyboard */; };
		24B644EA2227498D000796C8 /* Washington_Flex.png in Resources */ = {isa = PBXBuildFile; fileRef = 24B644E92227498D000796C8 /* Washington_Flex.png */; };
		24F87C5A22245BB300B396C1 /* AppDelegate.swift in Sources */ = {isa = PBXBuildFile; fileRef = 24F87C5922245BB300B396C1 /* AppDelegate.swift */; };
		24F87C5C22245BB300B396C1 /* ViewController.swift in Sources */ = {isa = PBXBuildFile; fileRef = 24F87C5B22245BB300B396C1 /* ViewController.swift */; };
		24F87C5F22245BB300B396C1 /* Main.storyboard in Resources */ = {isa = PBXBuildFile; fileRef = 24F87C5D22245BB300B396C1 /* Main.storyboard */; };
		24F87C6122245BB300B396C1 /* Images.xcassets in Resources */ = {isa = PBXBuildFile; fileRef = 24F87C6022245BB300B396C1 /* Images.xcassets */; };
		24F87C6422245BB300B396C1 /* LaunchScreen.xib in Resources */ = {isa = PBXBuildFile; fileRef = 24F87C6222245BB300B396C1 /* LaunchScreen.xib */; };
		24F87C7022245BB300B396C1 /* Tip_ApplicationTests.swift in Sources */ = {isa = PBXBuildFile; fileRef = 24F87C6F22245BB300B396C1 /* Tip_ApplicationTests.swift */; };
/* End PBXBuildFile section */

/* Begin PBXContainerItemProxy section */
		24F87C6A22245BB300B396C1 /* PBXContainerItemProxy */ = {
			isa = PBXContainerItemProxy;
			containerPortal = 24F87C4C22245BB200B396C1 /* Project object */;
			proxyType = 1;
			remoteGlobalIDString = 24F87C5322245BB300B396C1;
			remoteInfo = "Tip Application";
		};
/* End PBXContainerItemProxy section */

/* Begin PBXFileReference section */
		24B644E72225DC20000796C8 /* Launch.storyboard */ = {isa = PBXFileReference; fileEncoding = 4; lastKnownFileType = file.storyboard; path = Launch.storyboard; sourceTree = "<group>"; };
		24B644E92227498D000796C8 /* Washington_Flex.png */ = {isa = PBXFileReference; lastKnownFileType = image.png; name = Washington_Flex.png; path = ../../Washington_Flex.png; sourceTree = "<group>"; };
		24F87C5422245BB300B396C1 /* Tip Application.app */ = {isa = PBXFileReference; explicitFileType = wrapper.application; includeInIndex = 0; path = "Tip Application.app"; sourceTree = BUILT_PRODUCTS_DIR; };
		24F87C5822245BB300B396C1 /* Info.plist */ = {isa = PBXFileReference; lastKnownFileType = text.plist.xml; path = Info.plist; sourceTree = "<group>"; };
		24F87C5922245BB300B396C1 /* AppDelegate.swift */ = {isa = PBXFileReference; lastKnownFileType = sourcecode.swift; path = AppDelegate.swift; sourceTree = "<group>"; };
		24F87C5B22245BB300B396C1 /* ViewController.swift */ = {isa = PBXFileReference; lastKnownFileType = sourcecode.swift; path = ViewController.swift; sourceTree = "<group>"; };
		24F87C5E22245BB300B396C1 /* Base */ = {isa = PBXFileReference; lastKnownFileType = file.storyboard; name = Base; path = Base.lproj/Main.storyboard; sourceTree = "<group>"; };
		24F87C6022245BB300B396C1 /* Images.xcassets */ = {isa = PBXFileReference; lastKnownFileType = folder.assetcatalog; path = Images.xcassets; sourceTree = "<group>"; };
		24F87C6322245BB300B396C1 /* Base */ = {isa = PBXFileReference; lastKnownFileType = file.xib; name = Base; path = Base.lproj/LaunchScreen.xib; sourceTree = "<group>"; };
		24F87C6922245BB300B396C1 /* Tip ApplicationTests.xctest */ = {isa = PBXFileReference; explicitFileType = wrapper.cfbundle; includeInIndex = 0; path = "Tip ApplicationTests.xctest"; sourceTree = BUILT_PRODUCTS_DIR; };
		24F87C6E22245BB300B396C1 /* Info.plist */ = {isa = PBXFileReference; lastKnownFileType = text.plist.xml; path = Info.plist; sourceTree = "<group>"; };
		24F87C6F22245BB300B396C1 /* Tip_ApplicationTests.swift */ = {isa = PBXFileReference; lastKnownFileType = sourcecode.swift; path = Tip_ApplicationTests.swift; sourceTree = "<group>"; };
/* End PBXFileReference section */

/* Begin PBXFrameworksBuildPhase section */
		24F87C5122245BB300B396C1 /* Frameworks */ = {
			isa = PBXFrameworksBuildPhase;
			buildActionMask = 2147483647;
			files = (
			);
			runOnlyForDeploymentPostprocessing = 0;
		};
		24F87C6622245BB300B396C1 /* Frameworks */ = {
			isa = PBXFrameworksBuildPhase;
			buildActionMask = 2147483647;
			files = (
			);
			runOnlyForDeploymentPostprocessing = 0;
		};
/* End PBXFrameworksBuildPhase section */

/* Begin PBXGroup section */
		24F87C4B22245BB200B396C1 = {
			isa = PBXGroup;
			children = (
				24F87C5622245BB300B396C1 /* Tip Application */,
				24F87C6C22245BB300B396C1 /* Tip ApplicationTests */,
				24F87C5522245BB300B396C1 /* Products */,
			);
			sourceTree = "<group>";
		};
		24F87C5522245BB300B396C1 /* Products */ = {
			isa = PBXGroup;
			children = (
				24F87C5422245BB300B396C1 /* Tip Application.app */,
				24F87C6922245BB300B396C1 /* Tip ApplicationTests.xctest */,
			);
			name = Products;
			sourceTree = "<group>";
		};
		24F87C5622245BB300B396C1 /* Tip Application */ = {
			isa = PBXGroup;
			children = (
				24B644E72225DC20000796C8 /* Launch.storyboard */,
				24B644E92227498D000796C8 /* Washington_Flex.png */,
				24F87C5922245BB300B396C1 /* AppDelegate.swift */,
				24F87C5B22245BB300B396C1 /* ViewController.swift */,
				24F87C5D22245BB300B396C1 /* Main.storyboard */,
				24F87C6022245BB300B396C1 /* Images.xcassets */,
				24F87C6222245BB300B396C1 /* LaunchScreen.xib */,
				24F87C5722245BB300B396C1 /* Supporting Files */,
			);
			path = "Tip Application";
			sourceTree = "<group>";
		};
		24F87C5722245BB300B396C1 /* Supporting Files */ = {
			isa = PBXGroup;
			children = (
				24F87C5822245BB300B396C1 /* Info.plist */,
			);
			name = "Supporting Files";
			sourceTree = "<group>";
		};
		24F87C6C22245BB300B396C1 /* Tip ApplicationTests */ = {
			isa = PBXGroup;
			children = (
				24F87C6F22245BB300B396C1 /* Tip_ApplicationTests.swift */,
				24F87C6D22245BB300B396C1 /* Supporting Files */,
			);
			path = "Tip ApplicationTests";
			sourceTree = "<group>";
		};
		24F87C6D22245BB300B396C1 /* Supporting Files */ = {
			isa = PBXGroup;
			children = (
				24F87C6E22245BB300B396C1 /* Info.plist */,
			);
			name = "Supporting Files";
			sourceTree = "<group>";
		};
/* End PBXGroup section */

/* Begin PBXNativeTarget section */
		24F87C5322245BB300B396C1 /* Tip Application */ = {
			isa = PBXNativeTarget;
			buildConfigurationList = 24F87C7322245BB300B396C1 /* Build configuration list for PBXNativeTarget "Tip Application" */;
			buildPhases = (
				24F87C5022245BB300B396C1 /* Sources */,
				24F87C5122245BB300B396C1 /* Frameworks */,
				24F87C5222245BB300B396C1 /* Resources */,
			);
			buildRules = (
			);
			dependencies = (
			);
			name = "Tip Application";
			productName = "Tip Application";
			productReference = 24F87C5422245BB300B396C1 /* Tip Application.app */;
			productType = "com.apple.product-type.application";
		};
		24F87C6822245BB300B396C1 /* Tip ApplicationTests */ = {
			isa = PBXNativeTarget;
			buildConfigurationList = 24F87C7622245BB300B396C1 /* Build configuration list for PBXNativeTarget "Tip ApplicationTests" */;
			buildPhases = (
				24F87C6522245BB300B396C1 /* Sources */,
				24F87C6622245BB300B396C1 /* Frameworks */,
				24F87C6722245BB300B396C1 /* Resources */,
			);
			buildRules = (
			);
			dependencies = (
				24F87C6B22245BB300B396C1 /* PBXTargetDependency */,
			);
			name = "Tip ApplicationTests";
			productName = "Tip ApplicationTests";
			productReference = 24F87C6922245BB300B396C1 /* Tip ApplicationTests.xctest */;
			productType = "com.apple.product-type.bundle.unit-test";
		};
/* End PBXNativeTarget section */

/* Begin PBXProject section */
		24F87C4C22245BB200B396C1 /* Project object */ = {
			isa = PBXProject;
			attributes = {
				LastUpgradeCheck = 0610;
				ORGANIZATIONNAME = CPT265;
				TargetAttributes = {
					24F87C5322245BB300B396C1 = {
						CreatedOnToolsVersion = 6.1.1;
					};
					24F87C6822245BB300B396C1 = {
						CreatedOnToolsVersion = 6.1.1;
						TestTargetID = 24F87C5322245BB300B396C1;
					};
				};
			};
			buildConfigurationList = 24F87C4F22245BB200B396C1 /* Build configuration list for PBXProject "Tip Application" */;
			compatibilityVersion = "Xcode 3.2";
			developmentRegion = English;
			hasScannedForEncodings = 0;
			knownRegions = (
				en,
				Base,
			);
			mainGroup = 24F87C4B22245BB200B396C1;
			productRefGroup = 24F87C5522245BB300B396C1 /* Products */;
			projectDirPath = "";
			projectRoot = "";
			targets = (
				24F87C5322245BB300B396C1 /* Tip Application */,
				24F87C6822245BB300B396C1 /* Tip ApplicationTests */,
			);
		};
/* End PBXProject section */

/* Begin PBXResourcesBuildPhase section */
		24F87C5222245BB300B396C1 /* Resources */ = {
			isa = PBXResourcesBuildPhase;
			buildActionMask = 2147483647;
			files = (
				24B644EA2227498D000796C8 /* Washington_Flex.png in Resources */,
				24F87C5F22245BB300B396C1 /* Main.storyboard in Resources */,
				24F87C6422245BB300B396C1 /* LaunchScreen.xib in Resources */,
				24F87C6122245BB300B396C1 /* Images.xcassets in Resources */,
				24B644E82225DC20000796C8 /* Launch.storyboard in Resources */,
			);
			runOnlyForDeploymentPostprocessing = 0;
		};
		24F87C6722245BB300B396C1 /* Resources */ = {
			isa = PBXResourcesBuildPhase;
			buildActionMask = 2147483647;
			files = (
			);
			runOnlyForDeploymentPostprocessing = 0;
		};
/* End PBXResourcesBuildPhase section */

/* Begin PBXSourcesBuildPhase section */
		24F87C5022245BB300B396C1 /* Sources */ = {
			isa = PBXSourcesBuildPhase;
			buildActionMask = 2147483647;
			files = (
				24F87C5C22245BB300B396C1 /* ViewController.swift in Sources */,
				24F87C5A22245BB300B396C1 /* AppDelegate.swift in Sources */,
			);
			runOnlyForDeploymentPostprocessing = 0;
		};
		24F87C6522245BB300B396C1 /* Sources */ = {
			isa = PBXSourcesBuildPhase;
			buildActionMask = 2147483647;
			files = (
				24F87C7022245BB300B396C1 /* Tip_ApplicationTests.swift in Sources */,
			);
			runOnlyForDeploymentPostprocessing = 0;
		};
/* End PBXSourcesBuildPhase section */

/* Begin PBXTargetDependency section */
		24F87C6B22245BB300B396C1 /* PBXTargetDependency */ = {
			isa = PBXTargetDependency;
			target = 24F87C5322245BB300B396C1 /* Tip Application */;
			targetProxy = 24F87C6A22245BB300B396C1 /* PBXContainerItemProxy */;
		};
/* End PBXTargetDependency section */

/* Begin PBXVariantGroup section */
		24F87C5D22245BB300B396C1 /* Main.storyboard */ = {
			isa = PBXVariantGroup;
			children = (
				24F87C5E22245BB300B396C1 /* Base */,
			);
			name = Main.storyboard;
			sourceTree = "<group>";
		};
		24F87C6222245BB300B396C1 /* LaunchScreen.xib */ = {
			isa = PBXVariantGroup;
			children = (
				24F87C6322245BB300B396C1 /* Base */,
			);
			name = LaunchScreen.xib;
			sourceTree = "<group>";
		};
/* End PBXVariantGroup section */

/* Begin XCBuildConfiguration section */
		24F87C7122245BB300B396C1 /* Debug */ = {
			isa = XCBuildConfiguration;
			buildSettings = {
				ALWAYS_SEARCH_USER_PATHS = NO;
				CLANG_CXX_LANGUAGE_STANDARD = "gnu++0x";
				CLANG_CXX_LIBRARY = "libc++";
				CLANG_ENABLE_MODULES = YES;
				CLANG_ENABLE_OBJC_ARC = YES;
				CLANG_WARN_BOOL_CONVERSION = YES;
				CLANG_WARN_CONSTANT_CONVERSION = YES;
				CLANG_WARN_DIRECT_OBJC_ISA_USAGE = YES_ERROR;
				CLANG_WARN_EMPTY_BODY = YES;
				CLANG_WARN_ENUM_CONVERSION = YES;
				CLANG_WARN_INT_CONVERSION = YES;
				CLANG_WARN_OBJC_ROOT_CLASS = YES_ERROR;
				CLANG_WARN_UNREACHABLE_CODE = YES;
				CLANG_WARN__DUPLICATE_METHOD_MATCH = YES;
				"CODE_SIGN_IDENTITY[sdk=iphoneos*]" = "iPhone Developer";
				COPY_PHASE_STRIP = NO;
				ENABLE_STRICT_OBJC_MSGSEND = YES;
				GCC_C_LANGUAGE_STANDARD = gnu99;
				GCC_DYNAMIC_NO_PIC = NO;
				GCC_OPTIMIZATION_LEVEL = 0;
				GCC_PREPROCESSOR_DEFINITIONS = (
					"DEBUG=1",
					"$(inherited)",
				);
				GCC_SYMBOLS_PRIVATE_EXTERN = NO;
				GCC_WARN_64_TO_32_BIT_CONVERSION = YES;
				GCC_WARN_ABOUT_RETURN_TYPE = YES_ERROR;
				GCC_WARN_UNDECLARED_SELECTOR = YES;
				GCC_WARN_UNINITIALIZED_AUTOS = YES_AGGRESSIVE;
				GCC_WARN_UNUSED_FUNCTION = YES;
				GCC_WARN_UNUSED_VARIABLE = YES;
				IPHONEOS_DEPLOYMENT_TARGET = 8.1;
				MTL_ENABLE_DEBUG_INFO = YES;
				ONLY_ACTIVE_ARCH = YES;
				SDKROOT = iphoneos;
				SWIFT_OPTIMIZATION_LEVEL = "-Onone";
				TARGETED_DEVICE_FAMILY = "1,2";
			};
			name = Debug;
		};
		24F87C7222245BB300B396C1 /* Release */ = {
			isa = XCBuildConfiguration;
			buildSettings = {
				ALWAYS_SEARCH_USER_PATHS = NO;
				CLANG_CXX_LANGUAGE_STANDARD = "gnu++0x";
				CLANG_CXX_LIBRARY = "libc++";
				CLANG_ENABLE_MODULES = YES;
				CLANG_ENABLE_OBJC_ARC = YES;
				CLANG_WARN_BOOL_CONVERSION = YES;
				CLANG_WARN_CONSTANT_CONVERSION = YES;
				CLANG_WARN_DIRECT_OBJC_ISA_USAGE = YES_ERROR;
				CLANG_WARN_EMPTY_BODY = YES;
				CLANG_WARN_ENUM_CONVERSION = YES;
				CLANG_WARN_INT_CONVERSION = YES;
				CLANG_WARN_OBJC_ROOT_CLASS = YES_ERROR;
				CLANG_WARN_UNREACHABLE_CODE = YES;
				CLANG_WARN__DUPLICATE_METHOD_MATCH = YES;
				"CODE_SIGN_IDENTITY[sdk=iphoneos*]" = "iPhone Developer";
				COPY_PHASE_STRIP = YES;
				ENABLE_NS_ASSERTIONS = NO;
				ENABLE_STRICT_OBJC_MSGSEND = YES;
				GCC_C_LANGUAGE_STANDARD = gnu99;
				GCC_WARN_64_TO_32_BIT_CONVERSION = YES;
				GCC_WARN_ABOUT_RETURN_TYPE = YES_ERROR;
				GCC_WARN_UNDECLARED_SELECTOR = YES;
				GCC_WARN_UNINITIALIZED_AUTOS = YES_AGGRESSIVE;
				GCC_WARN_UNUSED_FUNCTION = YES;
				GCC_WARN_UNUSED_VARIABLE = YES;
				IPHONEOS_DEPLOYMENT_TARGET = 8.1;
				MTL_ENABLE_DEBUG_INFO = NO;
				SDKROOT = iphoneos;
				TARGETED_DEVICE_FAMILY = "1,2";
				VALIDATE_PRODUCT = YES;
			};
			name = Release;
		};
		24F87C7422245BB300B396C1 /* Debug */ = {
			isa = XCBuildConfiguration;
			buildSettings = {
				ASSETCATALOG_COMPILER_APPICON_NAME = AppIcon;
				INFOPLIST_FILE = "Tip Application/Info.plist";
				LD_RUNPATH_SEARCH_PATHS = "$(inherited) @executable_path/Frameworks";
				PRODUCT_NAME = "$(TARGET_NAME)";
			};
			name = Debug;
		};
		24F87C7522245BB300B396C1 /* Release */ = {
			isa = XCBuildConfiguration;
			buildSettings = {
				ASSETCATALOG_COMPILER_APPICON_NAME = AppIcon;
				INFOPLIST_FILE = "Tip Application/Info.plist";
				LD_RUNPATH_SEARCH_PATHS = "$(inherited) @executable_path/Frameworks";
				PRODUCT_NAME = "$(TARGET_NAME)";
			};
			name = Release;
		};
		24F87C7722245BB300B396C1 /* Debug */ = {
			isa = XCBuildConfiguration;
			buildSettings = {
				BUNDLE_LOADER = "$(TEST_HOST)";
				FRAMEWORK_SEARCH_PATHS = (
					"$(SDKROOT)/Developer/Library/Frameworks",
					"$(inherited)",
				);
				GCC_PREPROCESSOR_DEFINITIONS = (
					"DEBUG=1",
					"$(inherited)",
				);
				INFOPLIST_FILE = "Tip ApplicationTests/Info.plist";
				LD_RUNPATH_SEARCH_PATHS = "$(inherited) @executable_path/Frameworks @loader_path/Frameworks";
				PRODUCT_NAME = "$(TARGET_NAME)";
				TEST_HOST = "$(BUILT_PRODUCTS_DIR)/Tip Application.app/Tip Application";
			};
			name = Debug;
		};
		24F87C7822245BB300B396C1 /* Release */ = {
			isa = XCBuildConfiguration;
			buildSettings = {
				BUNDLE_LOADER = "$(TEST_HOST)";
				FRAMEWORK_SEARCH_PATHS = (
					"$(SDKROOT)/Developer/Library/Frameworks",
					"$(inherited)",
				);
				INFOPLIST_FILE = "Tip ApplicationTests/Info.plist";
				LD_RUNPATH_SEARCH_PATHS = "$(inherited) @executable_path/Frameworks @loader_path/Frameworks";
				PRODUCT_NAME = "$(TARGET_NAME)";
				TEST_HOST = "$(BUILT_PRODUCTS_DIR)/Tip Application.app/Tip Application";
			};
			name = Release;
		};
/* End XCBuildConfiguration section */

/* Begin XCConfigurationList section */
		24F87C4F22245BB200B396C1 /* Build configuration list for PBXProject "Tip Application" */ = {
			isa = XCConfigurationList;
			buildConfigurations = (
				24F87C7122245BB300B396C1 /* Debug */,
				24F87C7222245BB300B396C1 /* Release */,
			);
			defaultConfigurationIsVisible = 0;
			defaultConfigurationName = Release;
		};
		24F87C7322245BB300B396C1 /* Build configuration list for PBXNativeTarget "Tip Application" */ = {
			isa = XCConfigurationList;
			buildConfigurations = (
				24F87C7422245BB300B396C1 /* Debug */,
				24F87C7522245BB300B396C1 /* Release */,
			);
			defaultConfigurationIsVisible = 0;
			defaultConfigurationName = Release;
		};
		24F87C7622245BB300B396C1 /* Build configuration list for PBXNativeTarget "Tip ApplicationTests" */ = {
			isa = XCConfigurationList;
			buildConfigurations = (
				24F87C7722245BB300B396C1 /* Debug */,
				24F87C7822245BB300B396C1 /* Release */,
			);
			defaultConfigurationIsVisible = 0;
			defaultConfigurationName = Release;
		};
/* End XCConfigurationList section */
	};
	rootObject = 24F87C4C22245BB200B396C1 /* Project object */;
}
